
Microsoft Visual Studio Solution File, Format Version 12.00
# Visual Studio Version 17
VisualStudioVersion = 17.11.35222.181
MinimumVisualStudioVersion = 10.0.40219.1
Project("{FAE04EC0-301F-11D3-BF4B-00C04F79EFBC}") = "GaussianEliminationAlgorithm", "GaussianEliminationAlgorithm\GaussianEliminationAlgorithm.csproj", "{EF186528-2230-4FDB-BD3B-B20E884596B5}"
EndProject
Global
	GlobalSection(SolutionConfigurationPlatforms) = preSolution
		Debug|Any CPU = Debug|Any CPU
		Release|Any CPU = Release|Any CPU
	EndGlobalSection
	GlobalSection(ProjectConfigurationPlatforms) = postSolution
		{EF186528-2230-4FDB-BD3B-B20E884596B5}.Debug|Any CPU.ActiveCfg = Debug|Any CPU
		{EF186528-2230-4FDB-BD3B-B20E884596B5}.Debug|Any CPU.Build.0 = Debug|Any CPU
		{EF186528-2230-4FDB-BD3B-B20E884596B5}.Release|Any CPU.ActiveCfg = Release|Any CPU
		{EF186528-2230-4FDB-BD3B-B20E884596B5}.Release|Any CPU.Build.0 = Release|Any CPU
	EndGlobalSection
	GlobalSection(SolutionProperties) = preSolution
		HideSolutionNode = FALSE
	EndGlobalSection
	GlobalSection(ExtensibilityGlobals) = postSolution
		SolutionGuid = {01101B33-9136-421F-9433-6AF67BC38CE9}
	EndGlobalSection
EndGlobal
